
Microsoft Visual Studio Solution File, Format Version 12.00
# Visual Studio Version 17
VisualStudioVersion = 17.6.33712.159
MinimumVisualStudioVersion = 10.0.40219.1
Project("{FAE04EC0-301F-11D3-BF4B-00C04F79EFBC}") = "BarConsoleApp", "BarConsoleApp\BarConsoleApp.csproj", "{7EFB02DA-30EF-4A06-8CCA-85927713E868}"
EndProject
Global
	GlobalSection(SolutionConfigurationPlatforms) = preSolution
		Debug|Any CPU = Debug|Any CPU
		Release|Any CPU = Release|Any CPU
	EndGlobalSection
	GlobalSection(ProjectConfigurationPlatforms) = postSolution
		{7EFB02DA-30EF-4A06-8CCA-85927713E868}.Debug|Any CPU.ActiveCfg = Debug|Any CPU
		{7EFB02DA-30EF-4A06-8CCA-85927713E868}.Debug|Any CPU.Build.0 = Debug|Any CPU
		{7EFB02DA-30EF-4A06-8CCA-85927713E868}.Release|Any CPU.ActiveCfg = Release|Any CPU
		{7EFB02DA-30EF-4A06-8CCA-85927713E868}.Release|Any CPU.Build.0 = Release|Any CPU
	EndGlobalSection
	GlobalSection(SolutionProperties) = preSolution
		HideSolutionNode = FALSE
	EndGlobalSection
	GlobalSection(ExtensibilityGlobals) = postSolution
		SolutionGuid = {5B5F0C7A-FE0B-44F7-A143-1509583F4CEE}
	EndGlobalSection
EndGlobal
